
Microsoft Visual Studio Solution File, Format Version 12.00
# Visual Studio Version 17
VisualStudioVersion = 17.13.35931.197
MinimumVisualStudioVersion = 10.0.40219.1
Project("{FAE04EC0-301F-11D3-BF4B-00C04F79EFBC}") = "MatriculasAPI", "MatriculasAPI\MatriculasAPI.csproj", "{F6D1DF9F-F765-4F09-A810-9BFB74D2A0B1}"
	ProjectSection(ProjectDependencies) = postProject
		{9BA6BB79-F624-4837-87FF-CD9701D1775B} = {9BA6BB79-F624-4837-87FF-CD9701D1775B}
	EndProjectSection
EndProject
Project("{FAE04EC0-301F-11D3-BF4B-00C04F79EFBC}") = "MatriculasMODELS", "MatriculasMODELS\MatriculasMODELS.csproj", "{9BA6BB79-F624-4837-87FF-CD9701D1775B}"
EndProject
Project("{FAE04EC0-301F-11D3-BF4B-00C04F79EFBC}") = "Matriculas", "Matriculas\Matriculas.csproj", "{14904874-BA84-27D4-AE86-BAC885413549}"
EndProject
Global
	GlobalSection(SolutionConfigurationPlatforms) = preSolution
		Debug|Any CPU = Debug|Any CPU
		Release|Any CPU = Release|Any CPU
	EndGlobalSection
	GlobalSection(ProjectConfigurationPlatforms) = postSolution
		{F6D1DF9F-F765-4F09-A810-9BFB74D2A0B1}.Debug|Any CPU.ActiveCfg = Debug|Any CPU
		{F6D1DF9F-F765-4F09-A810-9BFB74D2A0B1}.Debug|Any CPU.Build.0 = Debug|Any CPU
		{F6D1DF9F-F765-4F09-A810-9BFB74D2A0B1}.Release|Any CPU.ActiveCfg = Release|Any CPU
		{F6D1DF9F-F765-4F09-A810-9BFB74D2A0B1}.Release|Any CPU.Build.0 = Release|Any CPU
		{9BA6BB79-F624-4837-87FF-CD9701D1775B}.Debug|Any CPU.ActiveCfg = Debug|Any CPU
		{9BA6BB79-F624-4837-87FF-CD9701D1775B}.Debug|Any CPU.Build.0 = Debug|Any CPU
		{9BA6BB79-F624-4837-87FF-CD9701D1775B}.Release|Any CPU.ActiveCfg = Release|Any CPU
		{9BA6BB79-F624-4837-87FF-CD9701D1775B}.Release|Any CPU.Build.0 = Release|Any CPU
		{14904874-BA84-27D4-AE86-BAC885413549}.Debug|Any CPU.ActiveCfg = Debug|Any CPU
		{14904874-BA84-27D4-AE86-BAC885413549}.Debug|Any CPU.Build.0 = Debug|Any CPU
		{14904874-BA84-27D4-AE86-BAC885413549}.Release|Any CPU.ActiveCfg = Release|Any CPU
		{14904874-BA84-27D4-AE86-BAC885413549}.Release|Any CPU.Build.0 = Release|Any CPU
	EndGlobalSection
	GlobalSection(SolutionProperties) = preSolution
		HideSolutionNode = FALSE
	EndGlobalSection
	GlobalSection(ExtensibilityGlobals) = postSolution
		SolutionGuid = {E40A9F51-389E-4B8D-9048-8B2225ED72BB}
	EndGlobalSection
EndGlobal
